// !$*UTF8*$!
{
	archiveVersion = 1;
	classes = {
	};
	objectVersion = 56;
	objects = {

/* Begin PBXBuildFile section */
		EEF658742A3084AD0053B80A /* StockRank_SwiftUIApp.swift in Sources */ = {isa = PBXBuildFile; fileRef = EEF658732A3084AD0053B80A /* StockRank_SwiftUIApp.swift */; };
		EEF658782A3084B00053B80A /* Assets.xcassets in Resources */ = {isa = PBXBuildFile; fileRef = EEF658772A3084B00053B80A /* Assets.xcassets */; };
		EEF6587B2A3084B00053B80A /* Preview Assets.xcassets in Resources */ = {isa = PBXBuildFile; fileRef = EEF6587A2A3084B00053B80A /* Preview Assets.xcassets */; };
		EEF658822A3084D60053B80A /* StockModel.swift in Sources */ = {isa = PBXBuildFile; fileRef = EEF658812A3084D40053B80A /* StockModel.swift */; };
		EEF658842A3084FF0053B80A /* StockRankView.swift in Sources */ = {isa = PBXBuildFile; fileRef = EEF658832A3084FF0053B80A /* StockRankView.swift */; };
		EEF658862A3085250053B80A /* StockRankRow.swift in Sources */ = {isa = PBXBuildFile; fileRef = EEF658852A3085250053B80A /* StockRankRow.swift */; };
		EEF658882A30C14B0053B80A /* StockDetailView.swift in Sources */ = {isa = PBXBuildFile; fileRef = EEF658872A30C14B0053B80A /* StockDetailView.swift */; };
/* End PBXBuildFile section */

/* Begin PBXFileReference section */
		EEF658702A3084AD0053B80A /* StockRank-SwiftUI.app */ = {isa = PBXFileReference; explicitFileType = wrapper.application; includeInIndex = 0; path = "StockRank-SwiftUI.app"; sourceTree = BUILT_PRODUCTS_DIR; };
		EEF658732A3084AD0053B80A /* StockRank_SwiftUIApp.swift */ = {isa = PBXFileReference; lastKnownFileType = sourcecode.swift; path = StockRank_SwiftUIApp.swift; sourceTree = "<group>"; };
		EEF658772A3084B00053B80A /* Assets.xcassets */ = {isa = PBXFileReference; lastKnownFileType = folder.assetcatalog; path = Assets.xcassets; sourceTree = "<group>"; };
		EEF6587A2A3084B00053B80A /* Preview Assets.xcassets */ = {isa = PBXFileReference; lastKnownFileType = folder.assetcatalog; path = "Preview Assets.xcassets"; sourceTree = "<group>"; };
		EEF658812A3084D40053B80A /* StockModel.swift */ = {isa = PBXFileReference; lastKnownFileType = sourcecode.swift; path = StockModel.swift; sourceTree = "<group>"; };
		EEF658832A3084FF0053B80A /* StockRankView.swift */ = {isa = PBXFileReference; lastKnownFileType = sourcecode.swift; path = StockRankView.swift; sourceTree = "<group>"; };
		EEF658852A3085250053B80A /* StockRankRow.swift */ = {isa = PBXFileReference; lastKnownFileType = sourcecode.swift; path = StockRankRow.swift; sourceTree = "<group>"; };
		EEF658872A30C14B0053B80A /* StockDetailView.swift */ = {isa = PBXFileReference; lastKnownFileType = sourcecode.swift; path = StockDetailView.swift; sourceTree = "<group>"; };
/* End PBXFileReference section */

/* Begin PBXFrameworksBuildPhase section */
		EEF6586D2A3084AD0053B80A /* Frameworks */ = {
			isa = PBXFrameworksBuildPhase;
			buildActionMask = 2147483647;
			files = (
			);
			runOnlyForDeploymentPostprocessing = 0;
		};
/* End PBXFrameworksBuildPhase section */

/* Begin PBXGroup section */
		EEF658672A3084AD0053B80A = {
			isa = PBXGroup;
			children = (
				EEF658722A3084AD0053B80A /* StockRank-SwiftUI */,
				EEF658712A3084AD0053B80A /* Products */,
			);
			sourceTree = "<group>";
		};
		EEF658712A3084AD0053B80A /* Products */ = {
			isa = PBXGroup;
			children = (
				EEF658702A3084AD0053B80A /* StockRank-SwiftUI.app */,
			);
			name = Products;
			sourceTree = "<group>";
		};
		EEF658722A3084AD0053B80A /* StockRank-SwiftUI */ = {
			isa = PBXGroup;
			children = (
				EEF658732A3084AD0053B80A /* StockRank_SwiftUIApp.swift */,
				EEF658812A3084D40053B80A /* StockModel.swift */,
				EEF658832A3084FF0053B80A /* StockRankView.swift */,
				EEF658852A3085250053B80A /* StockRankRow.swift */,
				EEF658872A30C14B0053B80A /* StockDetailView.swift */,
				EEF658772A3084B00053B80A /* Assets.xcassets */,
				EEF658792A3084B00053B80A /* Preview Content */,
			);
			path = "StockRank-SwiftUI";
			sourceTree = "<group>";
		};
		EEF658792A3084B00053B80A /* Preview Content */ = {
			isa = PBXGroup;
			children = (
				EEF6587A2A3084B00053B80A /* Preview Assets.xcassets */,
			);
			path = "Preview Content";
			sourceTree = "<group>";
		};
/* End PBXGroup section */

/* Begin PBXNativeTarget section */
		EEF6586F2A3084AD0053B80A /* StockRank-SwiftUI */ = {
			isa = PBXNativeTarget;
			buildConfigurationList = EEF6587E2A3084B00053B80A /* Build configuration list for PBXNativeTarget "StockRank-SwiftUI" */;
			buildPhases = (
				EEF6586C2A3084AD0053B80A /* Sources */,
				EEF6586D2A3084AD0053B80A /* Frameworks */,
				EEF6586E2A3084AD0053B80A /* Resources */,
			);
			buildRules = (
			);
			dependencies = (
			);
			name = "StockRank-SwiftUI";
			productName = "StockRank-SwiftUI";
			productReference = EEF658702A3084AD0053B80A /* StockRank-SwiftUI.app */;
			productType = "com.apple.product-type.application";
		};
/* End PBXNativeTarget section */

/* Begin PBXProject section */
		EEF658682A3084AD0053B80A /* Project object */ = {
			isa = PBXProject;
			attributes = {
				BuildIndependentTargetsInParallel = 1;
				LastSwiftUpdateCheck = 1430;
				LastUpgradeCheck = 1430;
				TargetAttributes = {
					EEF6586F2A3084AD0053B80A = {
						CreatedOnToolsVersion = 14.3;
					};
				};
			};
			buildConfigurationList = EEF6586B2A3084AD0053B80A /* Build configuration list for PBXProject "StockRank-SwiftUI" */;
			compatibilityVersion = "Xcode 14.0";
			developmentRegion = en;
			hasScannedForEncodings = 0;
			knownRegions = (
				en,
				Base,
			);
			mainGroup = EEF658672A3084AD0053B80A;
			productRefGroup = EEF658712A3084AD0053B80A /* Products */;
			projectDirPath = "";
			projectRoot = "";
			targets = (
				EEF6586F2A3084AD0053B80A /* StockRank-SwiftUI */,
			);
		};
/* End PBXProject section */

/* Begin PBXResourcesBuildPhase section */
		EEF6586E2A3084AD0053B80A /* Resources */ = {
			isa = PBXResourcesBuildPhase;
			buildActionMask = 2147483647;
			files = (
				EEF6587B2A3084B00053B80A /* Preview Assets.xcassets in Resources */,
				EEF658782A3084B00053B80A /* Assets.xcassets in Resources */,
			);
			runOnlyForDeploymentPostprocessing = 0;
		};
/* End PBXResourcesBuildPhase section */

/* Begin PBXSourcesBuildPhase section */
		EEF6586C2A3084AD0053B80A /* Sources */ = {
			isa = PBXSourcesBuildPhase;
			buildActionMask = 2147483647;
			files = (
				EEF658742A3084AD0053B80A /* StockRank_SwiftUIApp.swift in Sources */,
				EEF658882A30C14B0053B80A /* StockDetailView.swift in Sources */,
				EEF658862A3085250053B80A /* StockRankRow.swift in Sources */,
				EEF658842A3084FF0053B80A /* StockRankView.swift in Sources */,
				EEF658822A3084D60053B80A /* StockModel.swift in Sources */,
			);
			runOnlyForDeploymentPostprocessing = 0;
		};
/* End PBXSourcesBuildPhase section */

/* Begin XCBuildConfiguration section */
		EEF6587C2A3084B00053B80A /* Debug */ = {
			isa = XCBuildConfiguration;
			buildSettings = {
				ALWAYS_SEARCH_USER_PATHS = NO;
				CLANG_ANALYZER_NONNULL = YES;
				CLANG_ANALYZER_NUMBER_OBJECT_CONVERSION = YES_AGGRESSIVE;
				CLANG_CXX_LANGUAGE_STANDARD = "gnu++20";
				CLANG_ENABLE_MODULES = YES;
				CLANG_ENABLE_OBJC_ARC = YES;
				CLANG_ENABLE_OBJC_WEAK = YES;
				CLANG_WARN_BLOCK_CAPTURE_AUTORELEASING = YES;
				CLANG_WARN_BOOL_CONVERSION = YES;
				CLANG_WARN_COMMA = YES;
				CLANG_WARN_CONSTANT_CONVERSION = YES;
				CLANG_WARN_DEPRECATED_OBJC_IMPLEMENTATIONS = YES;
				CLANG_WARN_DIRECT_OBJC_ISA_USAGE = YES_ERROR;
				CLANG_WARN_DOCUMENTATION_COMMENTS = YES;
				CLANG_WARN_EMPTY_BODY = YES;
				CLANG_WARN_ENUM_CONVERSION = YES;
				CLANG_WARN_INFINITE_RECURSION = YES;
				CLANG_WARN_INT_CONVERSION = YES;
				CLANG_WARN_NON_LITERAL_NULL_CONVERSION = YES;
				CLANG_WARN_OBJC_IMPLICIT_RETAIN_SELF = YES;
				CLANG_WARN_OBJC_LITERAL_CONVERSION = YES;
				CLANG_WARN_OBJC_ROOT_CLASS = YES_ERROR;
				CLANG_WARN_QUOTED_INCLUDE_IN_FRAMEWORK_HEADER = YES;
				CLANG_WARN_RANGE_LOOP_ANALYSIS = YES;
				CLANG_WARN_STRICT_PROTOTYPES = YES;
				CLANG_WARN_SUSPICIOUS_MOVE = YES;
				CLANG_WARN_UNGUARDED_AVAILABILITY = YES_AGGRESSIVE;
				CLANG_WARN_UNREACHABLE_CODE = YES;
				CLANG_WARN__DUPLICATE_METHOD_MATCH = YES;
				COPY_PHASE_STRIP = NO;
				DEBUG_INFORMATION_FORMAT = dwarf;
				ENABLE_STRICT_OBJC_MSGSEND = YES;
				ENABLE_TESTABILITY = YES;
				GCC_C_LANGUAGE_STANDARD = gnu11;
				GCC_DYNAMIC_NO_PIC = NO;
				GCC_NO_COMMON_BLOCKS = YES;
				GCC_OPTIMIZATION_LEVEL = 0;
				GCC_PREPROCESSOR_DEFINITIONS = (
					"DEBUG=1",
					"$(inherited)",
				);
				GCC_WARN_64_TO_32_BIT_CONVERSION = YES;
				GCC_WARN_ABOUT_RETURN_TYPE = YES_ERROR;
				GCC_WARN_UNDECLARED_SELECTOR = YES;
				GCC_WARN_UNINITIALIZED_AUTOS = YES_AGGRESSIVE;
				GCC_WARN_UNUSED_FUNCTION = YES;
				GCC_WARN_UNUSED_VARIABLE = YES;
				IPHONEOS_DEPLOYMENT_TARGET = 16.4;
				MTL_ENABLE_DEBUG_INFO = INCLUDE_SOURCE;
				MTL_FAST_MATH = YES;
				ONLY_ACTIVE_ARCH = YES;
				SDKROOT = iphoneos;
				SWIFT_ACTIVE_COMPILATION_CONDITIONS = DEBUG;
				SWIFT_OPTIMIZATION_LEVEL = "-Onone";
			};
			name = Debug;
		};
		EEF6587D2A3084B00053B80A /* Release */ = {
			isa = XCBuildConfiguration;
			buildSettings = {
				ALWAYS_SEARCH_USER_PATHS = NO;
				CLANG_ANALYZER_NONNULL = YES;
				CLANG_ANALYZER_NUMBER_OBJECT_CONVERSION = YES_AGGRESSIVE;
				CLANG_CXX_LANGUAGE_STANDARD = "gnu++20";
				CLANG_ENABLE_MODULES = YES;
				CLANG_ENABLE_OBJC_ARC = YES;
				CLANG_ENABLE_OBJC_WEAK = YES;
				CLANG_WARN_BLOCK_CAPTURE_AUTORELEASING = YES;
				CLANG_WARN_BOOL_CONVERSION = YES;
				CLANG_WARN_COMMA = YES;
				CLANG_WARN_CONSTANT_CONVERSION = YES;
				CLANG_WARN_DEPRECATED_OBJC_IMPLEMENTATIONS = YES;
				CLANG_WARN_DIRECT_OBJC_ISA_USAGE = YES_ERROR;
				CLANG_WARN_DOCUMENTATION_COMMENTS = YES;
				CLANG_WARN_EMPTY_BODY = YES;
				CLANG_WARN_ENUM_CONVERSION = YES;
				CLANG_WARN_INFINITE_RECURSION = YES;
				CLANG_WARN_INT_CONVERSION = YES;
				CLANG_WARN_NON_LITERAL_NULL_CONVERSION = YES;
				CLANG_WARN_OBJC_IMPLICIT_RETAIN_SELF = YES;
				CLANG_WARN_OBJC_LITERAL_CONVERSION = YES;
				CLANG_WARN_OBJC_ROOT_CLASS = YES_ERROR;
				CLANG_WARN_QUOTED_INCLUDE_IN_FRAMEWORK_HEADER = YES;
				CLANG_WARN_RANGE_LOOP_ANALYSIS = YES;
				CLANG_WARN_STRICT_PROTOTYPES = YES;
				CLANG_WARN_SUSPICIOUS_MOVE = YES;
				CLANG_WARN_UNGUARDED_AVAILABILITY = YES_AGGRESSIVE;
				CLANG_WARN_UNREACHABLE_CODE = YES;
				CLANG_WARN__DUPLICATE_METHOD_MATCH = YES;
				COPY_PHASE_STRIP = NO;
				DEBUG_INFORMATION_FORMAT = "dwarf-with-dsym";
				ENABLE_NS_ASSERTIONS = NO;
				ENABLE_STRICT_OBJC_MSGSEND = YES;
				GCC_C_LANGUAGE_STANDARD = gnu11;
				GCC_NO_COMMON_BLOCKS = YES;
				GCC_WARN_64_TO_32_BIT_CONVERSION = YES;
				GCC_WARN_ABOUT_RETURN_TYPE = YES_ERROR;
				GCC_WARN_UNDECLARED_SELECTOR = YES;
				GCC_WARN_UNINITIALIZED_AUTOS = YES_AGGRESSIVE;
				GCC_WARN_UNUSED_FUNCTION = YES;
				GCC_WARN_UNUSED_VARIABLE = YES;
				IPHONEOS_DEPLOYMENT_TARGET = 16.4;
				MTL_ENABLE_DEBUG_INFO = NO;
				MTL_FAST_MATH = YES;
				SDKROOT = iphoneos;
				SWIFT_COMPILATION_MODE = wholemodule;
				SWIFT_OPTIMIZATION_LEVEL = "-O";
				VALIDATE_PRODUCT = YES;
			};
			name = Release;
		};
		EEF6587F2A3084B00053B80A /* Debug */ = {
			isa = XCBuildConfiguration;
			buildSettings = {
				ASSETCATALOG_COMPILER_APPICON_NAME = AppIcon;
				ASSETCATALOG_COMPILER_GLOBAL_ACCENT_COLOR_NAME = AccentColor;
				CODE_SIGN_STYLE = Automatic;
				CURRENT_PROJECT_VERSION = 1;
				DEVELOPMENT_ASSET_PATHS = "\"StockRank-SwiftUI/Preview Content\"";
				DEVELOPMENT_TEAM = H2N9KXXP3M;
				ENABLE_PREVIEWS = YES;
				GENERATE_INFOPLIST_FILE = YES;
				INFOPLIST_KEY_UIApplicationSceneManifest_Generation = YES;
				INFOPLIST_KEY_UIApplicationSupportsIndirectInputEvents = YES;
				INFOPLIST_KEY_UILaunchScreen_Generation = YES;
				INFOPLIST_KEY_UISupportedInterfaceOrientations_iPad = "UIInterfaceOrientationPortrait UIInterfaceOrientationPortraitUpsideDown UIInterfaceOrientationLandscapeLeft UIInterfaceOrientationLandscapeRight";
				INFOPLIST_KEY_UISupportedInterfaceOrientations_iPhone = "UIInterfaceOrientationPortrait UIInterfaceOrientationLandscapeLeft UIInterfaceOrientationLandscapeRight";
				LD_RUNPATH_SEARCH_PATHS = (
					"$(inherited)",
					"@executable_path/Frameworks",
				);
				MARKETING_VERSION = 1.0;
				PRODUCT_BUNDLE_IDENTIFIER = "com.mandos.StockRank-SwiftUI";
				PRODUCT_NAME = "$(TARGET_NAME)";
				SWIFT_EMIT_LOC_STRINGS = YES;
				SWIFT_VERSION = 5.0;
				TARGETED_DEVICE_FAMILY = "1,2";
			};
			name = Debug;
		};
		EEF658802A3084B00053B80A /* Release */ = {
			isa = XCBuildConfiguration;
			buildSettings = {
				ASSETCATALOG_COMPILER_APPICON_NAME = AppIcon;
				ASSETCATALOG_COMPILER_GLOBAL_ACCENT_COLOR_NAME = AccentColor;
				CODE_SIGN_STYLE = Automatic;
				CURRENT_PROJECT_VERSION = 1;
				DEVELOPMENT_ASSET_PATHS = "\"StockRank-SwiftUI/Preview Content\"";
				DEVELOPMENT_TEAM = H2N9KXXP3M;
				ENABLE_PREVIEWS = YES;
				GENERATE_INFOPLIST_FILE = YES;
				INFOPLIST_KEY_UIApplicationSceneManifest_Generation = YES;
				INFOPLIST_KEY_UIApplicationSupportsIndirectInputEvents = YES;
				INFOPLIST_KEY_UILaunchScreen_Generation = YES;
				INFOPLIST_KEY_UISupportedInterfaceOrientations_iPad = "UIInterfaceOrientationPortrait UIInterfaceOrientationPortraitUpsideDown UIInterfaceOrientationLandscapeLeft UIInterfaceOrientationLandscapeRight";
				INFOPLIST_KEY_UISupportedInterfaceOrientations_iPhone = "UIInterfaceOrientationPortrait UIInterfaceOrientationLandscapeLeft UIInterfaceOrientationLandscapeRight";
				LD_RUNPATH_SEARCH_PATHS = (
					"$(inherited)",
					"@executable_path/Frameworks",
				);
				MARKETING_VERSION = 1.0;
				PRODUCT_BUNDLE_IDENTIFIER = "com.mandos.StockRank-SwiftUI";
				PRODUCT_NAME = "$(TARGET_NAME)";
				SWIFT_EMIT_LOC_STRINGS = YES;
				SWIFT_VERSION = 5.0;
				TARGETED_DEVICE_FAMILY = "1,2";
			};
			name = Release;
		};
/* End XCBuildConfiguration section */

/* Begin XCConfigurationList section */
		EEF6586B2A3084AD0053B80A /* Build configuration list for PBXProject "StockRank-SwiftUI" */ = {
			isa = XCConfigurationList;
			buildConfigurations = (
				EEF6587C2A3084B00053B80A /* Debug */,
				EEF6587D2A3084B00053B80A /* Release */,
			);
			defaultConfigurationIsVisible = 0;
			defaultConfigurationName = Release;
		};
		EEF6587E2A3084B00053B80A /* Build configuration list for PBXNativeTarget "StockRank-SwiftUI" */ = {
			isa = XCConfigurationList;
			buildConfigurations = (
				EEF6587F2A3084B00053B80A /* Debug */,
				EEF658802A3084B00053B80A /* Release */,
			);
			defaultConfigurationIsVisible = 0;
			defaultConfigurationName = Release;
		};
/* End XCConfigurationList section */
	};
	rootObject = EEF658682A3084AD0053B80A /* Project object */;
}
