// !$*UTF8*$!
{
	archiveVersion = 1;
	classes = {
	};
	objectVersion = 55;
	objects = {

/* Begin PBXBuildFile section */
		EEC904042875E1A600ABB7AE /* QuickFocus.swift in Sources */ = {isa = PBXBuildFile; fileRef = EEC904032875E1A600ABB7AE /* QuickFocus.swift */; };
		EEC904062875E2FA00ABB7AE /* QuickFocus.storyboard in Resources */ = {isa = PBXBuildFile; fileRef = EEC904052875E2FA00ABB7AE /* QuickFocus.storyboard */; };
		EEC904082875E30C00ABB7AE /* QuickFocusListViewController.swift in Sources */ = {isa = PBXBuildFile; fileRef = EEC904072875E30C00ABB7AE /* QuickFocusListViewController.swift */; };
		EEC9040A2875E4D200ABB7AE /* QuickFocusCell.swift in Sources */ = {isa = PBXBuildFile; fileRef = EEC904092875E4D200ABB7AE /* QuickFocusCell.swift */; };
		EEC9040C2876971000ABB7AE /* QuickFocusHeaderView.swift in Sources */ = {isa = PBXBuildFile; fileRef = EEC9040B2876971000ABB7AE /* QuickFocusHeaderView.swift */; };
		EEEA35E1287284CD00F688D2 /* AppDelegate.swift in Sources */ = {isa = PBXBuildFile; fileRef = EEEA35E0287284CD00F688D2 /* AppDelegate.swift */; };
		EEEA35E3287284CD00F688D2 /* SceneDelegate.swift in Sources */ = {isa = PBXBuildFile; fileRef = EEEA35E2287284CD00F688D2 /* SceneDelegate.swift */; };
		EEEA35E8287284CD00F688D2 /* Main.storyboard in Resources */ = {isa = PBXBuildFile; fileRef = EEEA35E6287284CD00F688D2 /* Main.storyboard */; };
		EEEA35EA287284D200F688D2 /* Assets.xcassets in Resources */ = {isa = PBXBuildFile; fileRef = EEEA35E9287284D200F688D2 /* Assets.xcassets */; };
		EEEA35ED287284D200F688D2 /* LaunchScreen.storyboard in Resources */ = {isa = PBXBuildFile; fileRef = EEEA35EB287284D200F688D2 /* LaunchScreen.storyboard */; };
		EEEA35F72872853D00F688D2 /* Focus.swift in Sources */ = {isa = PBXBuildFile; fileRef = EEEA35F62872853D00F688D2 /* Focus.swift */; };
		EEEA35F9287285C500F688D2 /* FocusViewController.swift in Sources */ = {isa = PBXBuildFile; fileRef = EEEA35F8287285C500F688D2 /* FocusViewController.swift */; };
		EEEA35FB287288A700F688D2 /* FocusCell.swift in Sources */ = {isa = PBXBuildFile; fileRef = EEEA35FA287288A700F688D2 /* FocusCell.swift */; };
/* End PBXBuildFile section */

/* Begin PBXFileReference section */
		EEC904032875E1A600ABB7AE /* QuickFocus.swift */ = {isa = PBXFileReference; lastKnownFileType = sourcecode.swift; path = QuickFocus.swift; sourceTree = "<group>"; };
		EEC904052875E2FA00ABB7AE /* QuickFocus.storyboard */ = {isa = PBXFileReference; lastKnownFileType = file.storyboard; path = QuickFocus.storyboard; sourceTree = "<group>"; };
		EEC904072875E30C00ABB7AE /* QuickFocusListViewController.swift */ = {isa = PBXFileReference; lastKnownFileType = sourcecode.swift; path = QuickFocusListViewController.swift; sourceTree = "<group>"; };
		EEC904092875E4D200ABB7AE /* QuickFocusCell.swift */ = {isa = PBXFileReference; lastKnownFileType = sourcecode.swift; path = QuickFocusCell.swift; sourceTree = "<group>"; };
		EEC9040B2876971000ABB7AE /* QuickFocusHeaderView.swift */ = {isa = PBXFileReference; lastKnownFileType = sourcecode.swift; path = QuickFocusHeaderView.swift; sourceTree = "<group>"; };
		EEEA35DD287284CD00F688D2 /* HeadSpaceForcus.app */ = {isa = PBXFileReference; explicitFileType = wrapper.application; includeInIndex = 0; path = HeadSpaceForcus.app; sourceTree = BUILT_PRODUCTS_DIR; };
		EEEA35E0287284CD00F688D2 /* AppDelegate.swift */ = {isa = PBXFileReference; lastKnownFileType = sourcecode.swift; path = AppDelegate.swift; sourceTree = "<group>"; };
		EEEA35E2287284CD00F688D2 /* SceneDelegate.swift */ = {isa = PBXFileReference; lastKnownFileType = sourcecode.swift; path = SceneDelegate.swift; sourceTree = "<group>"; };
		EEEA35E7287284CD00F688D2 /* Base */ = {isa = PBXFileReference; lastKnownFileType = file.storyboard; name = Base; path = Base.lproj/Main.storyboard; sourceTree = "<group>"; };
		EEEA35E9287284D200F688D2 /* Assets.xcassets */ = {isa = PBXFileReference; lastKnownFileType = folder.assetcatalog; path = Assets.xcassets; sourceTree = "<group>"; };
		EEEA35EC287284D200F688D2 /* Base */ = {isa = PBXFileReference; lastKnownFileType = file.storyboard; name = Base; path = Base.lproj/LaunchScreen.storyboard; sourceTree = "<group>"; };
		EEEA35EE287284D200F688D2 /* Info.plist */ = {isa = PBXFileReference; lastKnownFileType = text.plist.xml; path = Info.plist; sourceTree = "<group>"; };
		EEEA35F62872853D00F688D2 /* Focus.swift */ = {isa = PBXFileReference; lastKnownFileType = sourcecode.swift; path = Focus.swift; sourceTree = "<group>"; };
		EEEA35F8287285C500F688D2 /* FocusViewController.swift */ = {isa = PBXFileReference; lastKnownFileType = sourcecode.swift; path = FocusViewController.swift; sourceTree = "<group>"; };
		EEEA35FA287288A700F688D2 /* FocusCell.swift */ = {isa = PBXFileReference; lastKnownFileType = sourcecode.swift; path = FocusCell.swift; sourceTree = "<group>"; };
/* End PBXFileReference section */

/* Begin PBXFrameworksBuildPhase section */
		EEEA35DA287284CD00F688D2 /* Frameworks */ = {
			isa = PBXFrameworksBuildPhase;
			buildActionMask = 2147483647;
			files = (
			);
			runOnlyForDeploymentPostprocessing = 0;
		};
/* End PBXFrameworksBuildPhase section */

/* Begin PBXGroup section */
		EEEA35D4287284CD00F688D2 = {
			isa = PBXGroup;
			children = (
				EEEA35DF287284CD00F688D2 /* HeadSpaceForcus */,
				EEEA35DE287284CD00F688D2 /* Products */,
			);
			sourceTree = "<group>";
		};
		EEEA35DE287284CD00F688D2 /* Products */ = {
			isa = PBXGroup;
			children = (
				EEEA35DD287284CD00F688D2 /* HeadSpaceForcus.app */,
			);
			name = Products;
			sourceTree = "<group>";
		};
		EEEA35DF287284CD00F688D2 /* HeadSpaceForcus */ = {
			isa = PBXGroup;
			children = (
				EEC9040B2876971000ABB7AE /* QuickFocusHeaderView.swift */,
				EEC904092875E4D200ABB7AE /* QuickFocusCell.swift */,
				EEC904072875E30C00ABB7AE /* QuickFocusListViewController.swift */,
				EEC904052875E2FA00ABB7AE /* QuickFocus.storyboard */,
				EEC904032875E1A600ABB7AE /* QuickFocus.swift */,
				EEEA35E0287284CD00F688D2 /* AppDelegate.swift */,
				EEEA35E2287284CD00F688D2 /* SceneDelegate.swift */,
				EEEA35E6287284CD00F688D2 /* Main.storyboard */,
				EEEA35F8287285C500F688D2 /* FocusViewController.swift */,
				EEEA35FA287288A700F688D2 /* FocusCell.swift */,
				EEEA35E9287284D200F688D2 /* Assets.xcassets */,
				EEEA35EB287284D200F688D2 /* LaunchScreen.storyboard */,
				EEEA35EE287284D200F688D2 /* Info.plist */,
				EEEA35F62872853D00F688D2 /* Focus.swift */,
			);
			path = HeadSpaceForcus;
			sourceTree = "<group>";
		};
/* End PBXGroup section */

/* Begin PBXNativeTarget section */
		EEEA35DC287284CD00F688D2 /* HeadSpaceForcus */ = {
			isa = PBXNativeTarget;
			buildConfigurationList = EEEA35F1287284D200F688D2 /* Build configuration list for PBXNativeTarget "HeadSpaceForcus" */;
			buildPhases = (
				EEEA35D9287284CD00F688D2 /* Sources */,
				EEEA35DA287284CD00F688D2 /* Frameworks */,
				EEEA35DB287284CD00F688D2 /* Resources */,
			);
			buildRules = (
			);
			dependencies = (
			);
			name = HeadSpaceForcus;
			productName = HeadSpaceForcus;
			productReference = EEEA35DD287284CD00F688D2 /* HeadSpaceForcus.app */;
			productType = "com.apple.product-type.application";
		};
/* End PBXNativeTarget section */

/* Begin PBXProject section */
		EEEA35D5287284CD00F688D2 /* Project object */ = {
			isa = PBXProject;
			attributes = {
				BuildIndependentTargetsInParallel = 1;
				LastSwiftUpdateCheck = 1320;
				LastUpgradeCheck = 1320;
				TargetAttributes = {
					EEEA35DC287284CD00F688D2 = {
						CreatedOnToolsVersion = 13.2.1;
					};
				};
			};
			buildConfigurationList = EEEA35D8287284CD00F688D2 /* Build configuration list for PBXProject "HeadSpaceForcus" */;
			compatibilityVersion = "Xcode 13.0";
			developmentRegion = en;
			hasScannedForEncodings = 0;
			knownRegions = (
				en,
				Base,
			);
			mainGroup = EEEA35D4287284CD00F688D2;
			productRefGroup = EEEA35DE287284CD00F688D2 /* Products */;
			projectDirPath = "";
			projectRoot = "";
			targets = (
				EEEA35DC287284CD00F688D2 /* HeadSpaceForcus */,
			);
		};
/* End PBXProject section */

/* Begin PBXResourcesBuildPhase section */
		EEEA35DB287284CD00F688D2 /* Resources */ = {
			isa = PBXResourcesBuildPhase;
			buildActionMask = 2147483647;
			files = (
				EEEA35ED287284D200F688D2 /* LaunchScreen.storyboard in Resources */,
				EEC904062875E2FA00ABB7AE /* QuickFocus.storyboard in Resources */,
				EEEA35EA287284D200F688D2 /* Assets.xcassets in Resources */,
				EEEA35E8287284CD00F688D2 /* Main.storyboard in Resources */,
			);
			runOnlyForDeploymentPostprocessing = 0;
		};
/* End PBXResourcesBuildPhase section */

/* Begin PBXSourcesBuildPhase section */
		EEEA35D9287284CD00F688D2 /* Sources */ = {
			isa = PBXSourcesBuildPhase;
			buildActionMask = 2147483647;
			files = (
				EEC904042875E1A600ABB7AE /* QuickFocus.swift in Sources */,
				EEC904082875E30C00ABB7AE /* QuickFocusListViewController.swift in Sources */,
				EEEA35E1287284CD00F688D2 /* AppDelegate.swift in Sources */,
				EEEA35F72872853D00F688D2 /* Focus.swift in Sources */,
				EEC9040A2875E4D200ABB7AE /* QuickFocusCell.swift in Sources */,
				EEC9040C2876971000ABB7AE /* QuickFocusHeaderView.swift in Sources */,
				EEEA35FB287288A700F688D2 /* FocusCell.swift in Sources */,
				EEEA35E3287284CD00F688D2 /* SceneDelegate.swift in Sources */,
				EEEA35F9287285C500F688D2 /* FocusViewController.swift in Sources */,
			);
			runOnlyForDeploymentPostprocessing = 0;
		};
/* End PBXSourcesBuildPhase section */

/* Begin PBXVariantGroup section */
		EEEA35E6287284CD00F688D2 /* Main.storyboard */ = {
			isa = PBXVariantGroup;
			children = (
				EEEA35E7287284CD00F688D2 /* Base */,
			);
			name = Main.storyboard;
			sourceTree = "<group>";
		};
		EEEA35EB287284D200F688D2 /* LaunchScreen.storyboard */ = {
			isa = PBXVariantGroup;
			children = (
				EEEA35EC287284D200F688D2 /* Base */,
			);
			name = LaunchScreen.storyboard;
			sourceTree = "<group>";
		};
/* End PBXVariantGroup section */

/* Begin XCBuildConfiguration section */
		EEEA35EF287284D200F688D2 /* Debug */ = {
			isa = XCBuildConfiguration;
			buildSettings = {
				ALWAYS_SEARCH_USER_PATHS = NO;
				CLANG_ANALYZER_NONNULL = YES;
				CLANG_ANALYZER_NUMBER_OBJECT_CONVERSION = YES_AGGRESSIVE;
				CLANG_CXX_LANGUAGE_STANDARD = "gnu++17";
				CLANG_CXX_LIBRARY = "libc++";
				CLANG_ENABLE_MODULES = YES;
				CLANG_ENABLE_OBJC_ARC = YES;
				CLANG_ENABLE_OBJC_WEAK = YES;
				CLANG_WARN_BLOCK_CAPTURE_AUTORELEASING = YES;
				CLANG_WARN_BOOL_CONVERSION = YES;
				CLANG_WARN_COMMA = YES;
				CLANG_WARN_CONSTANT_CONVERSION = YES;
				CLANG_WARN_DEPRECATED_OBJC_IMPLEMENTATIONS = YES;
				CLANG_WARN_DIRECT_OBJC_ISA_USAGE = YES_ERROR;
				CLANG_WARN_DOCUMENTATION_COMMENTS = YES;
				CLANG_WARN_EMPTY_BODY = YES;
				CLANG_WARN_ENUM_CONVERSION = YES;
				CLANG_WARN_INFINITE_RECURSION = YES;
				CLANG_WARN_INT_CONVERSION = YES;
				CLANG_WARN_NON_LITERAL_NULL_CONVERSION = YES;
				CLANG_WARN_OBJC_IMPLICIT_RETAIN_SELF = YES;
				CLANG_WARN_OBJC_LITERAL_CONVERSION = YES;
				CLANG_WARN_OBJC_ROOT_CLASS = YES_ERROR;
				CLANG_WARN_QUOTED_INCLUDE_IN_FRAMEWORK_HEADER = YES;
				CLANG_WARN_RANGE_LOOP_ANALYSIS = YES;
				CLANG_WARN_STRICT_PROTOTYPES = YES;
				CLANG_WARN_SUSPICIOUS_MOVE = YES;
				CLANG_WARN_UNGUARDED_AVAILABILITY = YES_AGGRESSIVE;
				CLANG_WARN_UNREACHABLE_CODE = YES;
				CLANG_WARN__DUPLICATE_METHOD_MATCH = YES;
				COPY_PHASE_STRIP = NO;
				DEBUG_INFORMATION_FORMAT = dwarf;
				ENABLE_STRICT_OBJC_MSGSEND = YES;
				ENABLE_TESTABILITY = YES;
				GCC_C_LANGUAGE_STANDARD = gnu11;
				GCC_DYNAMIC_NO_PIC = NO;
				GCC_NO_COMMON_BLOCKS = YES;
				GCC_OPTIMIZATION_LEVEL = 0;
				GCC_PREPROCESSOR_DEFINITIONS = (
					"DEBUG=1",
					"$(inherited)",
				);
				GCC_WARN_64_TO_32_BIT_CONVERSION = YES;
				GCC_WARN_ABOUT_RETURN_TYPE = YES_ERROR;
				GCC_WARN_UNDECLARED_SELECTOR = YES;
				GCC_WARN_UNINITIALIZED_AUTOS = YES_AGGRESSIVE;
				GCC_WARN_UNUSED_FUNCTION = YES;
				GCC_WARN_UNUSED_VARIABLE = YES;
				IPHONEOS_DEPLOYMENT_TARGET = 15.2;
				MTL_ENABLE_DEBUG_INFO = INCLUDE_SOURCE;
				MTL_FAST_MATH = YES;
				ONLY_ACTIVE_ARCH = YES;
				SDKROOT = iphoneos;
				SWIFT_ACTIVE_COMPILATION_CONDITIONS = DEBUG;
				SWIFT_OPTIMIZATION_LEVEL = "-Onone";
			};
			name = Debug;
		};
		EEEA35F0287284D200F688D2 /* Release */ = {
			isa = XCBuildConfiguration;
			buildSettings = {
				ALWAYS_SEARCH_USER_PATHS = NO;
				CLANG_ANALYZER_NONNULL = YES;
				CLANG_ANALYZER_NUMBER_OBJECT_CONVERSION = YES_AGGRESSIVE;
				CLANG_CXX_LANGUAGE_STANDARD = "gnu++17";
				CLANG_CXX_LIBRARY = "libc++";
				CLANG_ENABLE_MODULES = YES;
				CLANG_ENABLE_OBJC_ARC = YES;
				CLANG_ENABLE_OBJC_WEAK = YES;
				CLANG_WARN_BLOCK_CAPTURE_AUTORELEASING = YES;
				CLANG_WARN_BOOL_CONVERSION = YES;
				CLANG_WARN_COMMA = YES;
				CLANG_WARN_CONSTANT_CONVERSION = YES;
				CLANG_WARN_DEPRECATED_OBJC_IMPLEMENTATIONS = YES;
				CLANG_WARN_DIRECT_OBJC_ISA_USAGE = YES_ERROR;
				CLANG_WARN_DOCUMENTATION_COMMENTS = YES;
				CLANG_WARN_EMPTY_BODY = YES;
				CLANG_WARN_ENUM_CONVERSION = YES;
				CLANG_WARN_INFINITE_RECURSION = YES;
				CLANG_WARN_INT_CONVERSION = YES;
				CLANG_WARN_NON_LITERAL_NULL_CONVERSION = YES;
				CLANG_WARN_OBJC_IMPLICIT_RETAIN_SELF = YES;
				CLANG_WARN_OBJC_LITERAL_CONVERSION = YES;
				CLANG_WARN_OBJC_ROOT_CLASS = YES_ERROR;
				CLANG_WARN_QUOTED_INCLUDE_IN_FRAMEWORK_HEADER = YES;
				CLANG_WARN_RANGE_LOOP_ANALYSIS = YES;
				CLANG_WARN_STRICT_PROTOTYPES = YES;
				CLANG_WARN_SUSPICIOUS_MOVE = YES;
				CLANG_WARN_UNGUARDED_AVAILABILITY = YES_AGGRESSIVE;
				CLANG_WARN_UNREACHABLE_CODE = YES;
				CLANG_WARN__DUPLICATE_METHOD_MATCH = YES;
				COPY_PHASE_STRIP = NO;
				DEBUG_INFORMATION_FORMAT = "dwarf-with-dsym";
				ENABLE_NS_ASSERTIONS = NO;
				ENABLE_STRICT_OBJC_MSGSEND = YES;
				GCC_C_LANGUAGE_STANDARD = gnu11;
				GCC_NO_COMMON_BLOCKS = YES;
				GCC_WARN_64_TO_32_BIT_CONVERSION = YES;
				GCC_WARN_ABOUT_RETURN_TYPE = YES_ERROR;
				GCC_WARN_UNDECLARED_SELECTOR = YES;
				GCC_WARN_UNINITIALIZED_AUTOS = YES_AGGRESSIVE;
				GCC_WARN_UNUSED_FUNCTION = YES;
				GCC_WARN_UNUSED_VARIABLE = YES;
				IPHONEOS_DEPLOYMENT_TARGET = 15.2;
				MTL_ENABLE_DEBUG_INFO = NO;
				MTL_FAST_MATH = YES;
				SDKROOT = iphoneos;
				SWIFT_COMPILATION_MODE = wholemodule;
				SWIFT_OPTIMIZATION_LEVEL = "-O";
				VALIDATE_PRODUCT = YES;
			};
			name = Release;
		};
		EEEA35F2287284D200F688D2 /* Debug */ = {
			isa = XCBuildConfiguration;
			buildSettings = {
				ASSETCATALOG_COMPILER_APPICON_NAME = AppIcon;
				ASSETCATALOG_COMPILER_GLOBAL_ACCENT_COLOR_NAME = AccentColor;
				CODE_SIGN_STYLE = Automatic;
				CURRENT_PROJECT_VERSION = 1;
				DEVELOPMENT_TEAM = H2N9KXXP3M;
				GENERATE_INFOPLIST_FILE = YES;
				INFOPLIST_FILE = HeadSpaceForcus/Info.plist;
				INFOPLIST_KEY_UIApplicationSupportsIndirectInputEvents = YES;
				INFOPLIST_KEY_UILaunchStoryboardName = LaunchScreen;
				INFOPLIST_KEY_UIMainStoryboardFile = Main;
				INFOPLIST_KEY_UISupportedInterfaceOrientations_iPad = "UIInterfaceOrientationPortrait UIInterfaceOrientationPortraitUpsideDown UIInterfaceOrientationLandscapeLeft UIInterfaceOrientationLandscapeRight";
				INFOPLIST_KEY_UISupportedInterfaceOrientations_iPhone = "UIInterfaceOrientationPortrait UIInterfaceOrientationLandscapeLeft UIInterfaceOrientationLandscapeRight";
				LD_RUNPATH_SEARCH_PATHS = (
					"$(inherited)",
					"@executable_path/Frameworks",
				);
				MARKETING_VERSION = 1.0;
				PRODUCT_BUNDLE_IDENTIFIER = com.mandos.HeadSpaceForcus;
				PRODUCT_NAME = "$(TARGET_NAME)";
				SWIFT_EMIT_LOC_STRINGS = YES;
				SWIFT_VERSION = 5.0;
				TARGETED_DEVICE_FAMILY = "1,2";
			};
			name = Debug;
		};
		EEEA35F3287284D200F688D2 /* Release */ = {
			isa = XCBuildConfiguration;
			buildSettings = {
				ASSETCATALOG_COMPILER_APPICON_NAME = AppIcon;
				ASSETCATALOG_COMPILER_GLOBAL_ACCENT_COLOR_NAME = AccentColor;
				CODE_SIGN_STYLE = Automatic;
				CURRENT_PROJECT_VERSION = 1;
				DEVELOPMENT_TEAM = H2N9KXXP3M;
				GENERATE_INFOPLIST_FILE = YES;
				INFOPLIST_FILE = HeadSpaceForcus/Info.plist;
				INFOPLIST_KEY_UIApplicationSupportsIndirectInputEvents = YES;
				INFOPLIST_KEY_UILaunchStoryboardName = LaunchScreen;
				INFOPLIST_KEY_UIMainStoryboardFile = Main;
				INFOPLIST_KEY_UISupportedInterfaceOrientations_iPad = "UIInterfaceOrientationPortrait UIInterfaceOrientationPortraitUpsideDown UIInterfaceOrientationLandscapeLeft UIInterfaceOrientationLandscapeRight";
				INFOPLIST_KEY_UISupportedInterfaceOrientations_iPhone = "UIInterfaceOrientationPortrait UIInterfaceOrientationLandscapeLeft UIInterfaceOrientationLandscapeRight";
				LD_RUNPATH_SEARCH_PATHS = (
					"$(inherited)",
					"@executable_path/Frameworks",
				);
				MARKETING_VERSION = 1.0;
				PRODUCT_BUNDLE_IDENTIFIER = com.mandos.HeadSpaceForcus;
				PRODUCT_NAME = "$(TARGET_NAME)";
				SWIFT_EMIT_LOC_STRINGS = YES;
				SWIFT_VERSION = 5.0;
				TARGETED_DEVICE_FAMILY = "1,2";
			};
			name = Release;
		};
/* End XCBuildConfiguration section */

/* Begin XCConfigurationList section */
		EEEA35D8287284CD00F688D2 /* Build configuration list for PBXProject "HeadSpaceForcus" */ = {
			isa = XCConfigurationList;
			buildConfigurations = (
				EEEA35EF287284D200F688D2 /* Debug */,
				EEEA35F0287284D200F688D2 /* Release */,
			);
			defaultConfigurationIsVisible = 0;
			defaultConfigurationName = Release;
		};
		EEEA35F1287284D200F688D2 /* Build configuration list for PBXNativeTarget "HeadSpaceForcus" */ = {
			isa = XCConfigurationList;
			buildConfigurations = (
				EEEA35F2287284D200F688D2 /* Debug */,
				EEEA35F3287284D200F688D2 /* Release */,
			);
			defaultConfigurationIsVisible = 0;
			defaultConfigurationName = Release;
		};
/* End XCConfigurationList section */
	};
	rootObject = EEEA35D5287284CD00F688D2 /* Project object */;
}
