// !$*UTF8*$!
{
	archiveVersion = 1;
	classes = {
	};
	objectVersion = 56;
	objects = {

/* Begin PBXBuildFile section */
		EE5856AC2A287ADD00F1C0A7 /* AppleFramework_SwiftUIApp.swift in Sources */ = {isa = PBXBuildFile; fileRef = EE5856AB2A287ADD00F1C0A7 /* AppleFramework_SwiftUIApp.swift */; };
		EE5856AE2A287ADD00F1C0A7 /* FrameworkListView.swift in Sources */ = {isa = PBXBuildFile; fileRef = EE5856AD2A287ADD00F1C0A7 /* FrameworkListView.swift */; };
		EE5856B02A287AE100F1C0A7 /* Assets.xcassets in Resources */ = {isa = PBXBuildFile; fileRef = EE5856AF2A287AE100F1C0A7 /* Assets.xcassets */; };
		EE5856B32A287AE100F1C0A7 /* Preview Assets.xcassets in Resources */ = {isa = PBXBuildFile; fileRef = EE5856B22A287AE100F1C0A7 /* Preview Assets.xcassets */; };
		EE5856BA2A287B2000F1C0A7 /* FrameworkData.swift in Sources */ = {isa = PBXBuildFile; fileRef = EE5856B92A287B2000F1C0A7 /* FrameworkData.swift */; };
		EE5856BC2A287D2700F1C0A7 /* FrameworkCell.swift in Sources */ = {isa = PBXBuildFile; fileRef = EE5856BB2A287D2700F1C0A7 /* FrameworkCell.swift */; };
		EED3E8642AB2D328003A3949 /* SafariView.swift in Sources */ = {isa = PBXBuildFile; fileRef = EED3E8632AB2D328003A3949 /* SafariView.swift */; };
/* End PBXBuildFile section */

/* Begin PBXFileReference section */
		EE5856A82A287ADD00F1C0A7 /* AppleFramework-SwiftUI.app */ = {isa = PBXFileReference; explicitFileType = wrapper.application; includeInIndex = 0; path = "AppleFramework-SwiftUI.app"; sourceTree = BUILT_PRODUCTS_DIR; };
		EE5856AB2A287ADD00F1C0A7 /* AppleFramework_SwiftUIApp.swift */ = {isa = PBXFileReference; lastKnownFileType = sourcecode.swift; path = AppleFramework_SwiftUIApp.swift; sourceTree = "<group>"; };
		EE5856AD2A287ADD00F1C0A7 /* FrameworkListView.swift */ = {isa = PBXFileReference; lastKnownFileType = sourcecode.swift; path = FrameworkListView.swift; sourceTree = "<group>"; };
		EE5856AF2A287AE100F1C0A7 /* Assets.xcassets */ = {isa = PBXFileReference; lastKnownFileType = folder.assetcatalog; path = Assets.xcassets; sourceTree = "<group>"; };
		EE5856B22A287AE100F1C0A7 /* Preview Assets.xcassets */ = {isa = PBXFileReference; lastKnownFileType = folder.assetcatalog; path = "Preview Assets.xcassets"; sourceTree = "<group>"; };
		EE5856B92A287B2000F1C0A7 /* FrameworkData.swift */ = {isa = PBXFileReference; lastKnownFileType = sourcecode.swift; path = FrameworkData.swift; sourceTree = "<group>"; };
		EE5856BB2A287D2700F1C0A7 /* FrameworkCell.swift */ = {isa = PBXFileReference; lastKnownFileType = sourcecode.swift; path = FrameworkCell.swift; sourceTree = "<group>"; };
		EED3E8632AB2D328003A3949 /* SafariView.swift */ = {isa = PBXFileReference; lastKnownFileType = sourcecode.swift; path = SafariView.swift; sourceTree = "<group>"; };
/* End PBXFileReference section */

/* Begin PBXFrameworksBuildPhase section */
		EE5856A52A287ADD00F1C0A7 /* Frameworks */ = {
			isa = PBXFrameworksBuildPhase;
			buildActionMask = 2147483647;
			files = (
			);
			runOnlyForDeploymentPostprocessing = 0;
		};
/* End PBXFrameworksBuildPhase section */

/* Begin PBXGroup section */
		EE58569F2A287ADD00F1C0A7 = {
			isa = PBXGroup;
			children = (
				EE5856AA2A287ADD00F1C0A7 /* AppleFramework-SwiftUI */,
				EE5856A92A287ADD00F1C0A7 /* Products */,
			);
			sourceTree = "<group>";
		};
		EE5856A92A287ADD00F1C0A7 /* Products */ = {
			isa = PBXGroup;
			children = (
				EE5856A82A287ADD00F1C0A7 /* AppleFramework-SwiftUI.app */,
			);
			name = Products;
			sourceTree = "<group>";
		};
		EE5856AA2A287ADD00F1C0A7 /* AppleFramework-SwiftUI */ = {
			isa = PBXGroup;
			children = (
				EE5856AB2A287ADD00F1C0A7 /* AppleFramework_SwiftUIApp.swift */,
				EE5856AD2A287ADD00F1C0A7 /* FrameworkListView.swift */,
				EE5856BB2A287D2700F1C0A7 /* FrameworkCell.swift */,
				EE5856B92A287B2000F1C0A7 /* FrameworkData.swift */,
				EED3E8632AB2D328003A3949 /* SafariView.swift */,
				EE5856AF2A287AE100F1C0A7 /* Assets.xcassets */,
				EE5856B12A287AE100F1C0A7 /* Preview Content */,
			);
			path = "AppleFramework-SwiftUI";
			sourceTree = "<group>";
		};
		EE5856B12A287AE100F1C0A7 /* Preview Content */ = {
			isa = PBXGroup;
			children = (
				EE5856B22A287AE100F1C0A7 /* Preview Assets.xcassets */,
			);
			path = "Preview Content";
			sourceTree = "<group>";
		};
/* End PBXGroup section */

/* Begin PBXNativeTarget section */
		EE5856A72A287ADD00F1C0A7 /* AppleFramework-SwiftUI */ = {
			isa = PBXNativeTarget;
			buildConfigurationList = EE5856B62A287AE100F1C0A7 /* Build configuration list for PBXNativeTarget "AppleFramework-SwiftUI" */;
			buildPhases = (
				EE5856A42A287ADD00F1C0A7 /* Sources */,
				EE5856A52A287ADD00F1C0A7 /* Frameworks */,
				EE5856A62A287ADD00F1C0A7 /* Resources */,
			);
			buildRules = (
			);
			dependencies = (
			);
			name = "AppleFramework-SwiftUI";
			productName = "AppleFramework-SwiftUI";
			productReference = EE5856A82A287ADD00F1C0A7 /* AppleFramework-SwiftUI.app */;
			productType = "com.apple.product-type.application";
		};
/* End PBXNativeTarget section */

/* Begin PBXProject section */
		EE5856A02A287ADD00F1C0A7 /* Project object */ = {
			isa = PBXProject;
			attributes = {
				BuildIndependentTargetsInParallel = 1;
				LastSwiftUpdateCheck = 1430;
				LastUpgradeCheck = 1430;
				TargetAttributes = {
					EE5856A72A287ADD00F1C0A7 = {
						CreatedOnToolsVersion = 14.3;
					};
				};
			};
			buildConfigurationList = EE5856A32A287ADD00F1C0A7 /* Build configuration list for PBXProject "AppleFramework-SwiftUI" */;
			compatibilityVersion = "Xcode 14.0";
			developmentRegion = en;
			hasScannedForEncodings = 0;
			knownRegions = (
				en,
				Base,
			);
			mainGroup = EE58569F2A287ADD00F1C0A7;
			productRefGroup = EE5856A92A287ADD00F1C0A7 /* Products */;
			projectDirPath = "";
			projectRoot = "";
			targets = (
				EE5856A72A287ADD00F1C0A7 /* AppleFramework-SwiftUI */,
			);
		};
/* End PBXProject section */

/* Begin PBXResourcesBuildPhase section */
		EE5856A62A287ADD00F1C0A7 /* Resources */ = {
			isa = PBXResourcesBuildPhase;
			buildActionMask = 2147483647;
			files = (
				EE5856B32A287AE100F1C0A7 /* Preview Assets.xcassets in Resources */,
				EE5856B02A287AE100F1C0A7 /* Assets.xcassets in Resources */,
			);
			runOnlyForDeploymentPostprocessing = 0;
		};
/* End PBXResourcesBuildPhase section */

/* Begin PBXSourcesBuildPhase section */
		EE5856A42A287ADD00F1C0A7 /* Sources */ = {
			isa = PBXSourcesBuildPhase;
			buildActionMask = 2147483647;
			files = (
				EE5856BC2A287D2700F1C0A7 /* FrameworkCell.swift in Sources */,
				EE5856AE2A287ADD00F1C0A7 /* FrameworkListView.swift in Sources */,
				EE5856AC2A287ADD00F1C0A7 /* AppleFramework_SwiftUIApp.swift in Sources */,
				EE5856BA2A287B2000F1C0A7 /* FrameworkData.swift in Sources */,
				EED3E8642AB2D328003A3949 /* SafariView.swift in Sources */,
			);
			runOnlyForDeploymentPostprocessing = 0;
		};
/* End PBXSourcesBuildPhase section */

/* Begin XCBuildConfiguration section */
		EE5856B42A287AE100F1C0A7 /* Debug */ = {
			isa = XCBuildConfiguration;
			buildSettings = {
				ALWAYS_SEARCH_USER_PATHS = NO;
				CLANG_ANALYZER_NONNULL = YES;
				CLANG_ANALYZER_NUMBER_OBJECT_CONVERSION = YES_AGGRESSIVE;
				CLANG_CXX_LANGUAGE_STANDARD = "gnu++20";
				CLANG_ENABLE_MODULES = YES;
				CLANG_ENABLE_OBJC_ARC = YES;
				CLANG_ENABLE_OBJC_WEAK = YES;
				CLANG_WARN_BLOCK_CAPTURE_AUTORELEASING = YES;
				CLANG_WARN_BOOL_CONVERSION = YES;
				CLANG_WARN_COMMA = YES;
				CLANG_WARN_CONSTANT_CONVERSION = YES;
				CLANG_WARN_DEPRECATED_OBJC_IMPLEMENTATIONS = YES;
				CLANG_WARN_DIRECT_OBJC_ISA_USAGE = YES_ERROR;
				CLANG_WARN_DOCUMENTATION_COMMENTS = YES;
				CLANG_WARN_EMPTY_BODY = YES;
				CLANG_WARN_ENUM_CONVERSION = YES;
				CLANG_WARN_INFINITE_RECURSION = YES;
				CLANG_WARN_INT_CONVERSION = YES;
				CLANG_WARN_NON_LITERAL_NULL_CONVERSION = YES;
				CLANG_WARN_OBJC_IMPLICIT_RETAIN_SELF = YES;
				CLANG_WARN_OBJC_LITERAL_CONVERSION = YES;
				CLANG_WARN_OBJC_ROOT_CLASS = YES_ERROR;
				CLANG_WARN_QUOTED_INCLUDE_IN_FRAMEWORK_HEADER = YES;
				CLANG_WARN_RANGE_LOOP_ANALYSIS = YES;
				CLANG_WARN_STRICT_PROTOTYPES = YES;
				CLANG_WARN_SUSPICIOUS_MOVE = YES;
				CLANG_WARN_UNGUARDED_AVAILABILITY = YES_AGGRESSIVE;
				CLANG_WARN_UNREACHABLE_CODE = YES;
				CLANG_WARN__DUPLICATE_METHOD_MATCH = YES;
				COPY_PHASE_STRIP = NO;
				DEBUG_INFORMATION_FORMAT = dwarf;
				ENABLE_STRICT_OBJC_MSGSEND = YES;
				ENABLE_TESTABILITY = YES;
				GCC_C_LANGUAGE_STANDARD = gnu11;
				GCC_DYNAMIC_NO_PIC = NO;
				GCC_NO_COMMON_BLOCKS = YES;
				GCC_OPTIMIZATION_LEVEL = 0;
				GCC_PREPROCESSOR_DEFINITIONS = (
					"DEBUG=1",
					"$(inherited)",
				);
				GCC_WARN_64_TO_32_BIT_CONVERSION = YES;
				GCC_WARN_ABOUT_RETURN_TYPE = YES_ERROR;
				GCC_WARN_UNDECLARED_SELECTOR = YES;
				GCC_WARN_UNINITIALIZED_AUTOS = YES_AGGRESSIVE;
				GCC_WARN_UNUSED_FUNCTION = YES;
				GCC_WARN_UNUSED_VARIABLE = YES;
				IPHONEOS_DEPLOYMENT_TARGET = 16.4;
				MTL_ENABLE_DEBUG_INFO = INCLUDE_SOURCE;
				MTL_FAST_MATH = YES;
				ONLY_ACTIVE_ARCH = YES;
				SDKROOT = iphoneos;
				SWIFT_ACTIVE_COMPILATION_CONDITIONS = DEBUG;
				SWIFT_OPTIMIZATION_LEVEL = "-Onone";
			};
			name = Debug;
		};
		EE5856B52A287AE100F1C0A7 /* Release */ = {
			isa = XCBuildConfiguration;
			buildSettings = {
				ALWAYS_SEARCH_USER_PATHS = NO;
				CLANG_ANALYZER_NONNULL = YES;
				CLANG_ANALYZER_NUMBER_OBJECT_CONVERSION = YES_AGGRESSIVE;
				CLANG_CXX_LANGUAGE_STANDARD = "gnu++20";
				CLANG_ENABLE_MODULES = YES;
				CLANG_ENABLE_OBJC_ARC = YES;
				CLANG_ENABLE_OBJC_WEAK = YES;
				CLANG_WARN_BLOCK_CAPTURE_AUTORELEASING = YES;
				CLANG_WARN_BOOL_CONVERSION = YES;
				CLANG_WARN_COMMA = YES;
				CLANG_WARN_CONSTANT_CONVERSION = YES;
				CLANG_WARN_DEPRECATED_OBJC_IMPLEMENTATIONS = YES;
				CLANG_WARN_DIRECT_OBJC_ISA_USAGE = YES_ERROR;
				CLANG_WARN_DOCUMENTATION_COMMENTS = YES;
				CLANG_WARN_EMPTY_BODY = YES;
				CLANG_WARN_ENUM_CONVERSION = YES;
				CLANG_WARN_INFINITE_RECURSION = YES;
				CLANG_WARN_INT_CONVERSION = YES;
				CLANG_WARN_NON_LITERAL_NULL_CONVERSION = YES;
				CLANG_WARN_OBJC_IMPLICIT_RETAIN_SELF = YES;
				CLANG_WARN_OBJC_LITERAL_CONVERSION = YES;
				CLANG_WARN_OBJC_ROOT_CLASS = YES_ERROR;
				CLANG_WARN_QUOTED_INCLUDE_IN_FRAMEWORK_HEADER = YES;
				CLANG_WARN_RANGE_LOOP_ANALYSIS = YES;
				CLANG_WARN_STRICT_PROTOTYPES = YES;
				CLANG_WARN_SUSPICIOUS_MOVE = YES;
				CLANG_WARN_UNGUARDED_AVAILABILITY = YES_AGGRESSIVE;
				CLANG_WARN_UNREACHABLE_CODE = YES;
				CLANG_WARN__DUPLICATE_METHOD_MATCH = YES;
				COPY_PHASE_STRIP = NO;
				DEBUG_INFORMATION_FORMAT = "dwarf-with-dsym";
				ENABLE_NS_ASSERTIONS = NO;
				ENABLE_STRICT_OBJC_MSGSEND = YES;
				GCC_C_LANGUAGE_STANDARD = gnu11;
				GCC_NO_COMMON_BLOCKS = YES;
				GCC_WARN_64_TO_32_BIT_CONVERSION = YES;
				GCC_WARN_ABOUT_RETURN_TYPE = YES_ERROR;
				GCC_WARN_UNDECLARED_SELECTOR = YES;
				GCC_WARN_UNINITIALIZED_AUTOS = YES_AGGRESSIVE;
				GCC_WARN_UNUSED_FUNCTION = YES;
				GCC_WARN_UNUSED_VARIABLE = YES;
				IPHONEOS_DEPLOYMENT_TARGET = 16.4;
				MTL_ENABLE_DEBUG_INFO = NO;
				MTL_FAST_MATH = YES;
				SDKROOT = iphoneos;
				SWIFT_COMPILATION_MODE = wholemodule;
				SWIFT_OPTIMIZATION_LEVEL = "-O";
				VALIDATE_PRODUCT = YES;
			};
			name = Release;
		};
		EE5856B72A287AE100F1C0A7 /* Debug */ = {
			isa = XCBuildConfiguration;
			buildSettings = {
				ASSETCATALOG_COMPILER_APPICON_NAME = AppIcon;
				ASSETCATALOG_COMPILER_GLOBAL_ACCENT_COLOR_NAME = AccentColor;
				CODE_SIGN_STYLE = Automatic;
				CURRENT_PROJECT_VERSION = 1;
				DEVELOPMENT_ASSET_PATHS = "\"AppleFramework-SwiftUI/Preview Content\"";
				DEVELOPMENT_TEAM = H2N9KXXP3M;
				ENABLE_PREVIEWS = YES;
				GENERATE_INFOPLIST_FILE = YES;
				INFOPLIST_KEY_UIApplicationSceneManifest_Generation = YES;
				INFOPLIST_KEY_UIApplicationSupportsIndirectInputEvents = YES;
				INFOPLIST_KEY_UILaunchScreen_Generation = YES;
				INFOPLIST_KEY_UISupportedInterfaceOrientations_iPad = "UIInterfaceOrientationPortrait UIInterfaceOrientationPortraitUpsideDown UIInterfaceOrientationLandscapeLeft UIInterfaceOrientationLandscapeRight";
				INFOPLIST_KEY_UISupportedInterfaceOrientations_iPhone = "UIInterfaceOrientationPortrait UIInterfaceOrientationLandscapeLeft UIInterfaceOrientationLandscapeRight";
				LD_RUNPATH_SEARCH_PATHS = (
					"$(inherited)",
					"@executable_path/Frameworks",
				);
				MARKETING_VERSION = 1.0;
				PRODUCT_BUNDLE_IDENTIFIER = "com.mandos.AppleFramework-SwiftUI";
				PRODUCT_NAME = "$(TARGET_NAME)";
				SWIFT_EMIT_LOC_STRINGS = YES;
				SWIFT_VERSION = 5.0;
				TARGETED_DEVICE_FAMILY = "1,2";
			};
			name = Debug;
		};
		EE5856B82A287AE100F1C0A7 /* Release */ = {
			isa = XCBuildConfiguration;
			buildSettings = {
				ASSETCATALOG_COMPILER_APPICON_NAME = AppIcon;
				ASSETCATALOG_COMPILER_GLOBAL_ACCENT_COLOR_NAME = AccentColor;
				CODE_SIGN_STYLE = Automatic;
				CURRENT_PROJECT_VERSION = 1;
				DEVELOPMENT_ASSET_PATHS = "\"AppleFramework-SwiftUI/Preview Content\"";
				DEVELOPMENT_TEAM = H2N9KXXP3M;
				ENABLE_PREVIEWS = YES;
				GENERATE_INFOPLIST_FILE = YES;
				INFOPLIST_KEY_UIApplicationSceneManifest_Generation = YES;
				INFOPLIST_KEY_UIApplicationSupportsIndirectInputEvents = YES;
				INFOPLIST_KEY_UILaunchScreen_Generation = YES;
				INFOPLIST_KEY_UISupportedInterfaceOrientations_iPad = "UIInterfaceOrientationPortrait UIInterfaceOrientationPortraitUpsideDown UIInterfaceOrientationLandscapeLeft UIInterfaceOrientationLandscapeRight";
				INFOPLIST_KEY_UISupportedInterfaceOrientations_iPhone = "UIInterfaceOrientationPortrait UIInterfaceOrientationLandscapeLeft UIInterfaceOrientationLandscapeRight";
				LD_RUNPATH_SEARCH_PATHS = (
					"$(inherited)",
					"@executable_path/Frameworks",
				);
				MARKETING_VERSION = 1.0;
				PRODUCT_BUNDLE_IDENTIFIER = "com.mandos.AppleFramework-SwiftUI";
				PRODUCT_NAME = "$(TARGET_NAME)";
				SWIFT_EMIT_LOC_STRINGS = YES;
				SWIFT_VERSION = 5.0;
				TARGETED_DEVICE_FAMILY = "1,2";
			};
			name = Release;
		};
/* End XCBuildConfiguration section */

/* Begin XCConfigurationList section */
		EE5856A32A287ADD00F1C0A7 /* Build configuration list for PBXProject "AppleFramework-SwiftUI" */ = {
			isa = XCConfigurationList;
			buildConfigurations = (
				EE5856B42A287AE100F1C0A7 /* Debug */,
				EE5856B52A287AE100F1C0A7 /* Release */,
			);
			defaultConfigurationIsVisible = 0;
			defaultConfigurationName = Release;
		};
		EE5856B62A287AE100F1C0A7 /* Build configuration list for PBXNativeTarget "AppleFramework-SwiftUI" */ = {
			isa = XCConfigurationList;
			buildConfigurations = (
				EE5856B72A287AE100F1C0A7 /* Debug */,
				EE5856B82A287AE100F1C0A7 /* Release */,
			);
			defaultConfigurationIsVisible = 0;
			defaultConfigurationName = Release;
		};
/* End XCConfigurationList section */
	};
	rootObject = EE5856A02A287ADD00F1C0A7 /* Project object */;
}
